// !$*UTF8*$!
{
	archiveVersion = 1;
	classes = {
	};
	objectVersion = 56;
	objects = {

/* Begin PBXBuildFile section */
		D2191B322A627454006EDBEC /* BottomView.swift in Sources */ = {isa = PBXBuildFile; fileRef = D2191B312A627454006EDBEC /* BottomView.swift */; };
		D2191B342A627997006EDBEC /* CardView.swift in Sources */ = {isa = PBXBuildFile; fileRef = D2191B332A627997006EDBEC /* CardView.swift */; };
		D2191B362A629661006EDBEC /* ColumnView.swift in Sources */ = {isa = PBXBuildFile; fileRef = D2191B352A629661006EDBEC /* ColumnView.swift */; };
		D2191B392A629D26006EDBEC /* ModelData.swift in Sources */ = {isa = PBXBuildFile; fileRef = D2191B382A629D26006EDBEC /* ModelData.swift */; };
		D2191B3B2A629D49006EDBEC /* weatherData.json in Resources */ = {isa = PBXBuildFile; fileRef = D2191B3A2A629D49006EDBEC /* weatherData.json */; };
		D2191B3D2A629D8F006EDBEC /* WeatherManager.swift in Sources */ = {isa = PBXBuildFile; fileRef = D2191B3C2A629D8F006EDBEC /* WeatherManager.swift */; };
		D2191B3F2A629DC7006EDBEC /* ConverterData.swift in Sources */ = {isa = PBXBuildFile; fileRef = D2191B3E2A629DC7006EDBEC /* ConverterData.swift */; };
		D2F8059C2A5C062900F13E4B /* AppDelegate.swift in Sources */ = {isa = PBXBuildFile; fileRef = D2F8059B2A5C062900F13E4B /* AppDelegate.swift */; };
		D2F805A02A5C062900F13E4B /* WelcomeViewController.swift in Sources */ = {isa = PBXBuildFile; fileRef = D2F8059F2A5C062900F13E4B /* WelcomeViewController.swift */; };
		D2F805A52A5C062B00F13E4B /* Assets.xcassets in Resources */ = {isa = PBXBuildFile; fileRef = D2F805A42A5C062B00F13E4B /* Assets.xcassets */; };
		D2F805A82A5C062B00F13E4B /* LaunchScreen.storyboard in Resources */ = {isa = PBXBuildFile; fileRef = D2F805A62A5C062B00F13E4B /* LaunchScreen.storyboard */; };
		D2F805B22A5C0A1F00F13E4B /* WelcomeView.swift in Sources */ = {isa = PBXBuildFile; fileRef = D2F805B12A5C0A1F00F13E4B /* WelcomeView.swift */; };
		D2F805BF2A5C181C00F13E4B /* Minecraft.ttf in Resources */ = {isa = PBXBuildFile; fileRef = D2F805BE2A5C181B00F13E4B /* Minecraft.ttf */; };
		D2F805C22A5C3E1000F13E4B /* Location.swift in Sources */ = {isa = PBXBuildFile; fileRef = D2F805C12A5C3E1000F13E4B /* Location.swift */; };
		D2F805C82A5D1D5B00F13E4B /* MainViewController.swift in Sources */ = {isa = PBXBuildFile; fileRef = D2F805C72A5D1D5B00F13E4B /* MainViewController.swift */; };
		D2F805CA2A5D1D6700F13E4B /* MainView.swift in Sources */ = {isa = PBXBuildFile; fileRef = D2F805C92A5D1D6700F13E4B /* MainView.swift */; };
/* End PBXBuildFile section */

/* Begin PBXFileReference section */
		D2191B312A627454006EDBEC /* BottomView.swift */ = {isa = PBXFileReference; lastKnownFileType = sourcecode.swift; path = BottomView.swift; sourceTree = "<group>"; };
		D2191B332A627997006EDBEC /* CardView.swift */ = {isa = PBXFileReference; lastKnownFileType = sourcecode.swift; path = CardView.swift; sourceTree = "<group>"; };
		D2191B352A629661006EDBEC /* ColumnView.swift */ = {isa = PBXFileReference; lastKnownFileType = sourcecode.swift; path = ColumnView.swift; sourceTree = "<group>"; };
		D2191B382A629D26006EDBEC /* ModelData.swift */ = {isa = PBXFileReference; lastKnownFileType = sourcecode.swift; path = ModelData.swift; sourceTree = "<group>"; };
		D2191B3A2A629D49006EDBEC /* weatherData.json */ = {isa = PBXFileReference; lastKnownFileType = text.json; path = weatherData.json; sourceTree = "<group>"; };
		D2191B3C2A629D8F006EDBEC /* WeatherManager.swift */ = {isa = PBXFileReference; lastKnownFileType = sourcecode.swift; path = WeatherManager.swift; sourceTree = "<group>"; };
		D2191B3E2A629DC7006EDBEC /* ConverterData.swift */ = {isa = PBXFileReference; lastKnownFileType = sourcecode.swift; path = ConverterData.swift; sourceTree = "<group>"; };
		D2F805982A5C062900F13E4B /* Pixel Weather.app */ = {isa = PBXFileReference; explicitFileType = wrapper.application; includeInIndex = 0; path = "Pixel Weather.app"; sourceTree = BUILT_PRODUCTS_DIR; };
		D2F8059B2A5C062900F13E4B /* AppDelegate.swift */ = {isa = PBXFileReference; lastKnownFileType = sourcecode.swift; path = AppDelegate.swift; sourceTree = "<group>"; };
		D2F8059F2A5C062900F13E4B /* WelcomeViewController.swift */ = {isa = PBXFileReference; lastKnownFileType = sourcecode.swift; path = WelcomeViewController.swift; sourceTree = "<group>"; };
		D2F805A42A5C062B00F13E4B /* Assets.xcassets */ = {isa = PBXFileReference; lastKnownFileType = folder.assetcatalog; path = Assets.xcassets; sourceTree = "<group>"; };
		D2F805A72A5C062B00F13E4B /* Base */ = {isa = PBXFileReference; lastKnownFileType = file.storyboard; name = Base; path = Base.lproj/LaunchScreen.storyboard; sourceTree = "<group>"; };
		D2F805A92A5C062B00F13E4B /* Info.plist */ = {isa = PBXFileReference; lastKnownFileType = text.plist.xml; path = Info.plist; sourceTree = "<group>"; };
		D2F805B12A5C0A1F00F13E4B /* WelcomeView.swift */ = {isa = PBXFileReference; lastKnownFileType = sourcecode.swift; path = WelcomeView.swift; sourceTree = "<group>"; };
		D2F805BE2A5C181B00F13E4B /* Minecraft.ttf */ = {isa = PBXFileReference; lastKnownFileType = file; name = Minecraft.ttf; path = ../../Downloads/Minecraft.ttf; sourceTree = "<group>"; };
		D2F805C12A5C3E1000F13E4B /* Location.swift */ = {isa = PBXFileReference; lastKnownFileType = sourcecode.swift; path = Location.swift; sourceTree = "<group>"; };
		D2F805C72A5D1D5B00F13E4B /* MainViewController.swift */ = {isa = PBXFileReference; lastKnownFileType = sourcecode.swift; path = MainViewController.swift; sourceTree = "<group>"; };
		D2F805C92A5D1D6700F13E4B /* MainView.swift */ = {isa = PBXFileReference; lastKnownFileType = sourcecode.swift; path = MainView.swift; sourceTree = "<group>"; };
/* End PBXFileReference section */

/* Begin PBXFrameworksBuildPhase section */
		D2F805952A5C062900F13E4B /* Frameworks */ = {
			isa = PBXFrameworksBuildPhase;
			buildActionMask = 2147483647;
			files = (
			);
			runOnlyForDeploymentPostprocessing = 0;
		};
/* End PBXFrameworksBuildPhase section */

/* Begin PBXGroup section */
		D2191B372A629CF6006EDBEC /* Data */ = {
			isa = PBXGroup;
			children = (
				D2191B382A629D26006EDBEC /* ModelData.swift */,
				D2191B3A2A629D49006EDBEC /* weatherData.json */,
				D2191B3E2A629DC7006EDBEC /* ConverterData.swift */,
			);
			path = Data;
			sourceTree = "<group>";
		};
		D2F8058F2A5C062900F13E4B = {
			isa = PBXGroup;
			children = (
				D2F805BE2A5C181B00F13E4B /* Minecraft.ttf */,
				D2F8059A2A5C062900F13E4B /* Pixel Weather */,
				D2F805992A5C062900F13E4B /* Products */,
			);
			sourceTree = "<group>";
		};
		D2F805992A5C062900F13E4B /* Products */ = {
			isa = PBXGroup;
			children = (
				D2F805982A5C062900F13E4B /* Pixel Weather.app */,
			);
			name = Products;
			sourceTree = "<group>";
		};
		D2F8059A2A5C062900F13E4B /* Pixel Weather */ = {
			isa = PBXGroup;
			children = (
				D2F8059B2A5C062900F13E4B /* AppDelegate.swift */,
				D2F805C62A5D1D3F00F13E4B /* Main */,
				D2F805C32A5C519F00F13E4B /* Welcome */,
				D2F805C42A5C51AB00F13E4B /* Manager */,
				D2191B372A629CF6006EDBEC /* Data */,
				D2F805AF2A5C098E00F13E4B /* Files */,
			);
			path = "Pixel Weather";
			sourceTree = "<group>";
		};
		D2F805AF2A5C098E00F13E4B /* Files */ = {
			isa = PBXGroup;
			children = (
				D2F805A42A5C062B00F13E4B /* Assets.xcassets */,
				D2F805A62A5C062B00F13E4B /* LaunchScreen.storyboard */,
				D2F805A92A5C062B00F13E4B /* Info.plist */,
			);
			name = Files;
			sourceTree = "<group>";
		};
		D2F805C32A5C519F00F13E4B /* Welcome */ = {
			isa = PBXGroup;
			children = (
				D2F8059F2A5C062900F13E4B /* WelcomeViewController.swift */,
				D2F805B12A5C0A1F00F13E4B /* WelcomeView.swift */,
			);
			path = Welcome;
			sourceTree = "<group>";
		};
		D2F805C42A5C51AB00F13E4B /* Manager */ = {
			isa = PBXGroup;
			children = (
				D2F805C12A5C3E1000F13E4B /* Location.swift */,
				D2191B3C2A629D8F006EDBEC /* WeatherManager.swift */,
			);
			path = Manager;
			sourceTree = "<group>";
		};
		D2F805C62A5D1D3F00F13E4B /* Main */ = {
			isa = PBXGroup;
			children = (
				D2F805C72A5D1D5B00F13E4B /* MainViewController.swift */,
				D2F805C92A5D1D6700F13E4B /* MainView.swift */,
				D2191B312A627454006EDBEC /* BottomView.swift */,
				D2191B332A627997006EDBEC /* CardView.swift */,
				D2191B352A629661006EDBEC /* ColumnView.swift */,
			);
			path = Main;
			sourceTree = "<group>";
		};
/* End PBXGroup section */

/* Begin PBXNativeTarget section */
		D2F805972A5C062900F13E4B /* Pixel Weather */ = {
			isa = PBXNativeTarget;
			buildConfigurationList = D2F805AC2A5C062B00F13E4B /* Build configuration list for PBXNativeTarget "Pixel Weather" */;
			buildPhases = (
				D2F805942A5C062900F13E4B /* Sources */,
				D2F805952A5C062900F13E4B /* Frameworks */,
				D2F805962A5C062900F13E4B /* Resources */,
			);
			buildRules = (
			);
			dependencies = (
			);
			name = "Pixel Weather";
			productName = "Pixel Weather";
			productReference = D2F805982A5C062900F13E4B /* Pixel Weather.app */;
			productType = "com.apple.product-type.application";
		};
/* End PBXNativeTarget section */

/* Begin PBXProject section */
		D2F805902A5C062900F13E4B /* Project object */ = {
			isa = PBXProject;
			attributes = {
				BuildIndependentTargetsInParallel = 1;
				LastSwiftUpdateCheck = 1430;
				LastUpgradeCheck = 1430;
				TargetAttributes = {
					D2F805972A5C062900F13E4B = {
						CreatedOnToolsVersion = 14.3.1;
					};
				};
			};
			buildConfigurationList = D2F805932A5C062900F13E4B /* Build configuration list for PBXProject "Pixel Weather" */;
			compatibilityVersion = "Xcode 14.0";
			developmentRegion = en;
			hasScannedForEncodings = 0;
			knownRegions = (
				en,
				Base,
			);
			mainGroup = D2F8058F2A5C062900F13E4B;
			productRefGroup = D2F805992A5C062900F13E4B /* Products */;
			projectDirPath = "";
			projectRoot = "";
			targets = (
				D2F805972A5C062900F13E4B /* Pixel Weather */,
			);
		};
/* End PBXProject section */

/* Begin PBXResourcesBuildPhase section */
		D2F805962A5C062900F13E4B /* Resources */ = {
			isa = PBXResourcesBuildPhase;
			buildActionMask = 2147483647;
			files = (
				D2F805BF2A5C181C00F13E4B /* Minecraft.ttf in Resources */,
				D2F805A82A5C062B00F13E4B /* LaunchScreen.storyboard in Resources */,
				D2191B3B2A629D49006EDBEC /* weatherData.json in Resources */,
				D2F805A52A5C062B00F13E4B /* Assets.xcassets in Resources */,
			);
			runOnlyForDeploymentPostprocessing = 0;
		};
/* End PBXResourcesBuildPhase section */

/* Begin PBXSourcesBuildPhase section */
		D2F805942A5C062900F13E4B /* Sources */ = {
			isa = PBXSourcesBuildPhase;
			buildActionMask = 2147483647;
			files = (
				D2F805A02A5C062900F13E4B /* WelcomeViewController.swift in Sources */,
				D2F805CA2A5D1D6700F13E4B /* MainView.swift in Sources */,
				D2F805B22A5C0A1F00F13E4B /* WelcomeView.swift in Sources */,
				D2191B362A629661006EDBEC /* ColumnView.swift in Sources */,
				D2F805C22A5C3E1000F13E4B /* Location.swift in Sources */,
				D2191B322A627454006EDBEC /* BottomView.swift in Sources */,
				D2191B3D2A629D8F006EDBEC /* WeatherManager.swift in Sources */,
				D2F8059C2A5C062900F13E4B /* AppDelegate.swift in Sources */,
				D2191B3F2A629DC7006EDBEC /* ConverterData.swift in Sources */,
				D2191B392A629D26006EDBEC /* ModelData.swift in Sources */,
				D2191B342A627997006EDBEC /* CardView.swift in Sources */,
				D2F805C82A5D1D5B00F13E4B /* MainViewController.swift in Sources */,
			);
			runOnlyForDeploymentPostprocessing = 0;
		};
/* End PBXSourcesBuildPhase section */

/* Begin PBXVariantGroup section */
		D2F805A62A5C062B00F13E4B /* LaunchScreen.storyboard */ = {
			isa = PBXVariantGroup;
			children = (
				D2F805A72A5C062B00F13E4B /* Base */,
			);
			name = LaunchScreen.storyboard;
			sourceTree = "<group>";
		};
/* End PBXVariantGroup section */

/* Begin XCBuildConfiguration section */
		D2F805AA2A5C062B00F13E4B /* Debug */ = {
			isa = XCBuildConfiguration;
			buildSettings = {
				ALWAYS_SEARCH_USER_PATHS = NO;
				CLANG_ANALYZER_NONNULL = YES;
				CLANG_ANALYZER_NUMBER_OBJECT_CONVERSION = YES_AGGRESSIVE;
				CLANG_CXX_LANGUAGE_STANDARD = "gnu++20";
				CLANG_ENABLE_MODULES = YES;
				CLANG_ENABLE_OBJC_ARC = YES;
				CLANG_ENABLE_OBJC_WEAK = YES;
				CLANG_WARN_BLOCK_CAPTURE_AUTORELEASING = YES;
				CLANG_WARN_BOOL_CONVERSION = YES;
				CLANG_WARN_COMMA = YES;
				CLANG_WARN_CONSTANT_CONVERSION = YES;
				CLANG_WARN_DEPRECATED_OBJC_IMPLEMENTATIONS = YES;
				CLANG_WARN_DIRECT_OBJC_ISA_USAGE = YES_ERROR;
				CLANG_WARN_DOCUMENTATION_COMMENTS = YES;
				CLANG_WARN_EMPTY_BODY = YES;
				CLANG_WARN_ENUM_CONVERSION = YES;
				CLANG_WARN_INFINITE_RECURSION = YES;
				CLANG_WARN_INT_CONVERSION = YES;
				CLANG_WARN_NON_LITERAL_NULL_CONVERSION = YES;
				CLANG_WARN_OBJC_IMPLICIT_RETAIN_SELF = YES;
				CLANG_WARN_OBJC_LITERAL_CONVERSION = YES;
				CLANG_WARN_OBJC_ROOT_CLASS = YES_ERROR;
				CLANG_WARN_QUOTED_INCLUDE_IN_FRAMEWORK_HEADER = YES;
				CLANG_WARN_RANGE_LOOP_ANALYSIS = YES;
				CLANG_WARN_STRICT_PROTOTYPES = YES;
				CLANG_WARN_SUSPICIOUS_MOVE = YES;
				CLANG_WARN_UNGUARDED_AVAILABILITY = YES_AGGRESSIVE;
				CLANG_WARN_UNREACHABLE_CODE = YES;
				CLANG_WARN__DUPLICATE_METHOD_MATCH = YES;
				COPY_PHASE_STRIP = NO;
				DEBUG_INFORMATION_FORMAT = dwarf;
				ENABLE_STRICT_OBJC_MSGSEND = YES;
				ENABLE_TESTABILITY = YES;
				GCC_C_LANGUAGE_STANDARD = gnu11;
				GCC_DYNAMIC_NO_PIC = NO;
				GCC_NO_COMMON_BLOCKS = YES;
				GCC_OPTIMIZATION_LEVEL = 0;
				GCC_PREPROCESSOR_DEFINITIONS = (
					"DEBUG=1",
					"$(inherited)",
				);
				GCC_WARN_64_TO_32_BIT_CONVERSION = YES;
				GCC_WARN_ABOUT_RETURN_TYPE = YES_ERROR;
				GCC_WARN_UNDECLARED_SELECTOR = YES;
				GCC_WARN_UNINITIALIZED_AUTOS = YES_AGGRESSIVE;
				GCC_WARN_UNUSED_FUNCTION = YES;
				GCC_WARN_UNUSED_VARIABLE = YES;
				IPHONEOS_DEPLOYMENT_TARGET = 16.4;
				MTL_ENABLE_DEBUG_INFO = INCLUDE_SOURCE;
				MTL_FAST_MATH = YES;
				ONLY_ACTIVE_ARCH = YES;
				SDKROOT = iphoneos;
				SWIFT_ACTIVE_COMPILATION_CONDITIONS = DEBUG;
				SWIFT_OPTIMIZATION_LEVEL = "-Onone";
			};
			name = Debug;
		};
		D2F805AB2A5C062B00F13E4B /* Release */ = {
			isa = XCBuildConfiguration;
			buildSettings = {
				ALWAYS_SEARCH_USER_PATHS = NO;
				CLANG_ANALYZER_NONNULL = YES;
				CLANG_ANALYZER_NUMBER_OBJECT_CONVERSION = YES_AGGRESSIVE;
				CLANG_CXX_LANGUAGE_STANDARD = "gnu++20";
				CLANG_ENABLE_MODULES = YES;
				CLANG_ENABLE_OBJC_ARC = YES;
				CLANG_ENABLE_OBJC_WEAK = YES;
				CLANG_WARN_BLOCK_CAPTURE_AUTORELEASING = YES;
				CLANG_WARN_BOOL_CONVERSION = YES;
				CLANG_WARN_COMMA = YES;
				CLANG_WARN_CONSTANT_CONVERSION = YES;
				CLANG_WARN_DEPRECATED_OBJC_IMPLEMENTATIONS = YES;
				CLANG_WARN_DIRECT_OBJC_ISA_USAGE = YES_ERROR;
				CLANG_WARN_DOCUMENTATION_COMMENTS = YES;
				CLANG_WARN_EMPTY_BODY = YES;
				CLANG_WARN_ENUM_CONVERSION = YES;
				CLANG_WARN_INFINITE_RECURSION = YES;
				CLANG_WARN_INT_CONVERSION = YES;
				CLANG_WARN_NON_LITERAL_NULL_CONVERSION = YES;
				CLANG_WARN_OBJC_IMPLICIT_RETAIN_SELF = YES;
				CLANG_WARN_OBJC_LITERAL_CONVERSION = YES;
				CLANG_WARN_OBJC_ROOT_CLASS = YES_ERROR;
				CLANG_WARN_QUOTED_INCLUDE_IN_FRAMEWORK_HEADER = YES;
				CLANG_WARN_RANGE_LOOP_ANALYSIS = YES;
				CLANG_WARN_STRICT_PROTOTYPES = YES;
				CLANG_WARN_SUSPICIOUS_MOVE = YES;
				CLANG_WARN_UNGUARDED_AVAILABILITY = YES_AGGRESSIVE;
				CLANG_WARN_UNREACHABLE_CODE = YES;
				CLANG_WARN__DUPLICATE_METHOD_MATCH = YES;
				COPY_PHASE_STRIP = NO;
				DEBUG_INFORMATION_FORMAT = "dwarf-with-dsym";
				ENABLE_NS_ASSERTIONS = NO;
				ENABLE_STRICT_OBJC_MSGSEND = YES;
				GCC_C_LANGUAGE_STANDARD = gnu11;
				GCC_NO_COMMON_BLOCKS = YES;
				GCC_WARN_64_TO_32_BIT_CONVERSION = YES;
				GCC_WARN_ABOUT_RETURN_TYPE = YES_ERROR;
				GCC_WARN_UNDECLARED_SELECTOR = YES;
				GCC_WARN_UNINITIALIZED_AUTOS = YES_AGGRESSIVE;
				GCC_WARN_UNUSED_FUNCTION = YES;
				GCC_WARN_UNUSED_VARIABLE = YES;
				IPHONEOS_DEPLOYMENT_TARGET = 16.4;
				MTL_ENABLE_DEBUG_INFO = NO;
				MTL_FAST_MATH = YES;
				SDKROOT = iphoneos;
				SWIFT_COMPILATION_MODE = wholemodule;
				SWIFT_OPTIMIZATION_LEVEL = "-O";
				VALIDATE_PRODUCT = YES;
			};
			name = Release;
		};
		D2F805AD2A5C062B00F13E4B /* Debug */ = {
			isa = XCBuildConfiguration;
			buildSettings = {
				ASSETCATALOG_COMPILER_APPICON_NAME = AppIcon;
				ASSETCATALOG_COMPILER_GLOBAL_ACCENT_COLOR_NAME = AccentColor;
				CODE_SIGN_STYLE = Automatic;
				CURRENT_PROJECT_VERSION = 1;
				GENERATE_INFOPLIST_FILE = YES;
				INFOPLIST_FILE = "Pixel Weather/Info.plist";
				INFOPLIST_KEY_UIApplicationSupportsIndirectInputEvents = YES;
				INFOPLIST_KEY_UILaunchStoryboardName = LaunchScreen;
				INFOPLIST_KEY_UISupportedInterfaceOrientations_iPad = "UIInterfaceOrientationPortrait UIInterfaceOrientationPortraitUpsideDown UIInterfaceOrientationLandscapeLeft UIInterfaceOrientationLandscapeRight";
				INFOPLIST_KEY_UISupportedInterfaceOrientations_iPhone = "UIInterfaceOrientationPortrait UIInterfaceOrientationLandscapeLeft UIInterfaceOrientationLandscapeRight";
				LD_RUNPATH_SEARCH_PATHS = (
					"$(inherited)",
					"@executable_path/Frameworks",
				);
				MARKETING_VERSION = 1.0;
				PRODUCT_BUNDLE_IDENTIFIER = "Me.Pixel-Weather";
				PRODUCT_NAME = "$(TARGET_NAME)";
				SWIFT_EMIT_LOC_STRINGS = YES;
				SWIFT_VERSION = 5.0;
				TARGETED_DEVICE_FAMILY = "1,2";
			};
			name = Debug;
		};
		D2F805AE2A5C062B00F13E4B /* Release */ = {
			isa = XCBuildConfiguration;
			buildSettings = {
				ASSETCATALOG_COMPILER_APPICON_NAME = AppIcon;
				ASSETCATALOG_COMPILER_GLOBAL_ACCENT_COLOR_NAME = AccentColor;
				CODE_SIGN_STYLE = Automatic;
				CURRENT_PROJECT_VERSION = 1;
				GENERATE_INFOPLIST_FILE = YES;
				INFOPLIST_FILE = "Pixel Weather/Info.plist";
				INFOPLIST_KEY_UIApplicationSupportsIndirectInputEvents = YES;
				INFOPLIST_KEY_UILaunchStoryboardName = LaunchScreen;
				INFOPLIST_KEY_UISupportedInterfaceOrientations_iPad = "UIInterfaceOrientationPortrait UIInterfaceOrientationPortraitUpsideDown UIInterfaceOrientationLandscapeLeft UIInterfaceOrientationLandscapeRight";
				INFOPLIST_KEY_UISupportedInterfaceOrientations_iPhone = "UIInterfaceOrientationPortrait UIInterfaceOrientationLandscapeLeft UIInterfaceOrientationLandscapeRight";
				LD_RUNPATH_SEARCH_PATHS = (
					"$(inherited)",
					"@executable_path/Frameworks",
				);
				MARKETING_VERSION = 1.0;
				PRODUCT_BUNDLE_IDENTIFIER = "Me.Pixel-Weather";
				PRODUCT_NAME = "$(TARGET_NAME)";
				SWIFT_EMIT_LOC_STRINGS = YES;
				SWIFT_VERSION = 5.0;
				TARGETED_DEVICE_FAMILY = "1,2";
			};
			name = Release;
		};
/* End XCBuildConfiguration section */

/* Begin XCConfigurationList section */
		D2F805932A5C062900F13E4B /* Build configuration list for PBXProject "Pixel Weather" */ = {
			isa = XCConfigurationList;
			buildConfigurations = (
				D2F805AA2A5C062B00F13E4B /* Debug */,
				D2F805AB2A5C062B00F13E4B /* Release */,
			);
			defaultConfigurationIsVisible = 0;
			defaultConfigurationName = Release;
		};
		D2F805AC2A5C062B00F13E4B /* Build configuration list for PBXNativeTarget "Pixel Weather" */ = {
			isa = XCConfigurationList;
			buildConfigurations = (
				D2F805AD2A5C062B00F13E4B /* Debug */,
				D2F805AE2A5C062B00F13E4B /* Release */,
			);
			defaultConfigurationIsVisible = 0;
			defaultConfigurationName = Release;
		};
/* End XCConfigurationList section */
	};
	rootObject = D2F805902A5C062900F13E4B /* Project object */;
}
